lockfileVersion: '9.0'

settings:
  autoInstallPeers: true
  excludeLinksFromLockfile: false

importers:

  .:
    devDependencies:
      '@biomejs/biome':
        specifier: 2.4.11
        version: 2.4.11
      '@types/node':
        specifier: ^22.7.4
        version: 22.19.17
      esbuild:
        specifier: ^0.28.0
        version: 0.28.0
      turbo:
        specifier: ^2.9.5
        version: 2.9.5
      typescript:
        specifier: ^6.0.2
        version: 6.0.2

  apps/yaca-client:
    dependencies:
      eventemitter2:
        specifier: ^6.4.9
        version: 6.4.9
    devDependencies:
      '@citizenfx/client':
        specifier: latest
        version: 2.0.17591-1
      '@types/luxon':
        specifier: ^3.7.1
        version: 3.7.1
      '@yaca-voice/common':
        specifier: workspace:*
        version: link:../../packages/common
      '@yaca-voice/types':
        specifier: workspace:*
        version: link:../../packages/types
      '@yaca-voice/typescript-config':
        specifier: workspace:*
        version: link:../../packages/tsconfig

  apps/yaca-server:
    dependencies:
      node-fetch:
        specifier: ^3.3.2
        version: 3.3.2
    devDependencies:
      '@citizenfx/server':
        specifier: latest
        version: 2.0.14862-1
      '@types/luxon':
        specifier: ^3.7.1
        version: 3.7.1
      '@yaca-voice/common':
        specifier: workspace:*
        version: link:../../packages/common
      '@yaca-voice/types':
        specifier: workspace:*
        version: link:../../packages/types
      '@yaca-voice/typescript-config':
        specifier: workspace:*
        version: link:../../packages/tsconfig

  packages/common:
    dependencies:
      fast-printf:
        specifier: ^1.6.10
        version: 1.6.10
      json5:
        specifier: ^2.2.3
        version: 2.2.3
    devDependencies:
      '@citizenfx/client':
        specifier: latest
        version: 2.0.17591-1
      '@citizenfx/server':
        specifier: latest
        version: 2.0.14862-1
      '@yaca-voice/typescript-config':
        specifier: workspace:*
        version: link:../tsconfig

  packages/tsconfig: {}

  packages/types: {}

packages:

  '@biomejs/biome@2.4.11':
    resolution: {integrity: sha512-nWxHX8tf3Opb/qRgZpBbsTOqOodkbrkJ7S+JxJAruxOReaDPPmPuLBAGQ8vigyUgo0QBB+oQltNEAvalLcjggA==}
    engines: {node: '>=14.21.3'}
    hasBin: true

  '@biomejs/cli-darwin-arm64@2.4.11':
    resolution: {integrity: sha512-wOt+ed+L2dgZanWyL6i29qlXMc088N11optzpo10peayObBaAshbTcxKUchzEMp9QSY8rh5h6VfAFE3WTS1rqg==}
    engines: {node: '>=14.21.3'}
    cpu: [arm64]
    os: [darwin]

  '@biomejs/cli-darwin-x64@2.4.11':
    resolution: {integrity: sha512-gZ6zR8XmZlExfi/Pz/PffmdpWOQ8Qhy7oBztgkR8/ylSRyLwfRPSadmiVCV8WQ8PoJ2MWUy2fgID9zmtgUUJmw==}
    engines: {node: '>=14.21.3'}
    cpu: [x64]
    os: [darwin]

  '@biomejs/cli-linux-arm64-musl@2.4.11':
    resolution: {integrity: sha512-+Sbo1OAmlegtdwqFE8iOxFIWLh1B3OEgsuZfBpyyN/kWuqZ8dx9ZEes6zVnDMo+zRHF2wLynRVhoQmV7ohxl2Q==}
    engines: {node: '>=14.21.3'}
    cpu: [arm64]
    os: [linux]

  '@biomejs/cli-linux-arm64@2.4.11':
    resolution: {integrity: sha512-avdJaEElXrKceK0va9FkJ4P5ci3N01TGkc6ni3P8l3BElqbOz42Wg2IyX3gbh0ZLEd4HVKEIrmuVu/AMuSeFFA==}
    engines: {node: '>=14.21.3'}
    cpu: [arm64]
    os: [linux]

  '@biomejs/cli-linux-x64-musl@2.4.11':
    resolution: {integrity: sha512-bexd2IklK7ZgPhrz6jXzpIL6dEAH9MlJU1xGTrypx+FICxrXUp4CqtwfiuoDKse+UlgAlWtzML3jrMqeEAHEhA==}
    engines: {node: '>=14.21.3'}
    cpu: [x64]
    os: [linux]

  '@biomejs/cli-linux-x64@2.4.11':
    resolution: {integrity: sha512-TagWV0iomp5LnEnxWFg4nQO+e52Fow349vaX0Q/PIcX6Zhk4GGBgp3qqZ8PVkpC+cuehRctMf3+6+FgQ8jCEFQ==}
    engines: {node: '>=14.21.3'}
    cpu: [x64]
    os: [linux]

  '@biomejs/cli-win32-arm64@2.4.11':
    resolution: {integrity: sha512-RJhaTnY8byzxDt4bDVb7AFPHkPcjOPK3xBip4ZRTrN3TEfyhjLRm3r3mqknqydgVTB74XG8l4jMLwEACEeihVg==}
    engines: {node: '>=14.21.3'}
    cpu: [arm64]
    os: [win32]

  '@biomejs/cli-win32-x64@2.4.11':
    resolution: {integrity: sha512-A8D3JM/00C2KQgUV3oj8Ba15EHEYwebAGCy5Sf9GAjr5Y3+kJIYOiESoqRDeuRZueuMdCsbLZIUqmPhpYXJE9A==}
    engines: {node: '>=14.21.3'}
    cpu: [x64]
    os: [win32]

  '@citizenfx/client@2.0.17591-1':
    resolution: {integrity: sha512-U7zljfzag8godKYBxQM4NKiXuXSkvyJgAz+IRGj/7jdfledJLu/1k1b9J+e3j8uYQtPpnDUSLzeZCND6OPb0Sw==}

  '@citizenfx/server@2.0.14862-1':
    resolution: {integrity: sha512-I6XnxIGBhskPe9S+q1OQLDqs6TYw1RhX06K6jUg+n0hGITYools6VBIIhdPe2uUlHA+76qJajQlV9ONeR3mDig==}

  '@esbuild/aix-ppc64@0.28.0':
    resolution: {integrity: sha512-lhRUCeuOyJQURhTxl4WkpFTjIsbDayJHih5kZC1giwE+MhIzAb7mEsQMqMf18rHLsrb5qI1tafG20mLxEWcWlA==}
    engines: {node: '>=18'}
    cpu: [ppc64]
    os: [aix]

  '@esbuild/android-arm64@0.28.0':
    resolution: {integrity: sha512-+WzIXQOSaGs33tLEgYPYe/yQHf0WTU0X42Jca3y8NWMbUVhp7rUnw+vAsRC/QiDrdD31IszMrZy+qwPOPjd+rw==}
    engines: {node: '>=18'}
    cpu: [arm64]
    os: [android]

  '@esbuild/android-arm@0.28.0':
    resolution: {integrity: sha512-wqh0ByljabXLKHeWXYLqoJ5jKC4XBaw6Hk08OfMrCRd2nP2ZQ5eleDZC41XHyCNgktBGYMbqnrJKq/K/lzPMSQ==}
    engines: {node: '>=18'}
    cpu: [arm]
    os: [android]

  '@esbuild/android-x64@0.28.0':
    resolution: {integrity: sha512-+VJggoaKhk2VNNqVL7f6S189UzShHC/mR9EE8rDdSkdpN0KflSwWY/gWjDrNxxisg8Fp1ZCD9jLMo4m0OUfeUA==}
    engines: {node: '>=18'}
    cpu: [x64]
    os: [android]

  '@esbuild/darwin-arm64@0.28.0':
    resolution: {integrity: sha512-0T+A9WZm+bZ84nZBtk1ckYsOvyA3x7e2Acj1KdVfV4/2tdG4fzUp91YHx+GArWLtwqp77pBXVCPn2We7Letr0Q==}
    engines: {node: '>=18'}
    cpu: [arm64]
    os: [darwin]

  '@esbuild/darwin-x64@0.28.0':
    resolution: {integrity: sha512-fyzLm/DLDl/84OCfp2f/XQ4flmORsjU7VKt8HLjvIXChJoFFOIL6pLJPH4Yhd1n1gGFF9mPwtlN5Wf82DZs+LQ==}
    engines: {node: '>=18'}
    cpu: [x64]
    os: [darwin]

  '@esbuild/freebsd-arm64@0.28.0':
    resolution: {integrity: sha512-l9GeW5UZBT9k9brBYI+0WDffcRxgHQD8ShN2Ur4xWq/NFzUKm3k5lsH4PdaRgb2w7mI9u61nr2gI2mLI27Nh3Q==}
    engines: {node: '>=18'}
    cpu: [arm64]
    os: [freebsd]

  '@esbuild/freebsd-x64@0.28.0':
    resolution: {integrity: sha512-BXoQai/A0wPO6Es3yFJ7APCiKGc1tdAEOgeTNy3SsB491S3aHn4S4r3e976eUnPdU+NbdtmBuLncYir2tMU9Nw==}
    engines: {node: '>=18'}
    cpu: [x64]
    os: [freebsd]

  '@esbuild/linux-arm64@0.28.0':
    resolution: {integrity: sha512-RVyzfb3FWsGA55n6WY0MEIEPURL1FcbhFE6BffZEMEekfCzCIMtB5yyDcFnVbTnwk+CLAgTujmV/Lgvih56W+A==}
    engines: {node: '>=18'}
    cpu: [arm64]
    os: [linux]

  '@esbuild/linux-arm@0.28.0':
    resolution: {integrity: sha512-CjaaREJagqJp7iTaNQjjidaNbCKYcd4IDkzbwwxtSvjI7NZm79qiHc8HqciMddQ6CKvJT6aBd8lO9kN/ZudLlw==}
    engines: {node: '>=18'}
    cpu: [arm]
    os: [linux]

  '@esbuild/linux-ia32@0.28.0':
    resolution: {integrity: sha512-KBnSTt1kxl9x70q+ydterVdl+Cn0H18ngRMRCEQfrbqdUuntQQ0LoMZv47uB97NljZFzY6HcfqEZ2SAyIUTQBQ==}
    engines: {node: '>=18'}
    cpu: [ia32]
    os: [linux]

  '@esbuild/linux-loong64@0.28.0':
    resolution: {integrity: sha512-zpSlUce1mnxzgBADvxKXX5sl8aYQHo2ezvMNI8I0lbblJtp8V4odlm3Yzlj7gPyt3T8ReksE6bK+pT3WD+aJRg==}
    engines: {node: '>=18'}
    cpu: [loong64]
    os: [linux]

  '@esbuild/linux-mips64el@0.28.0':
    resolution: {integrity: sha512-2jIfP6mmjkdmeTlsX/9vmdmhBmKADrWqN7zcdtHIeNSCH1SqIoNI63cYsjQR8J+wGa4Y5izRcSHSm8K3QWmk3w==}
    engines: {node: '>=18'}
    cpu: [mips64el]
    os: [linux]

  '@esbuild/linux-ppc64@0.28.0':
    resolution: {integrity: sha512-bc0FE9wWeC0WBm49IQMPSPILRocGTQt3j5KPCA8os6VprfuJ7KD+5PzESSrJ6GmPIPJK965ZJHTUlSA6GNYEhg==}
    engines: {node: '>=18'}
    cpu: [ppc64]
    os: [linux]

  '@esbuild/linux-riscv64@0.28.0':
    resolution: {integrity: sha512-SQPZOwoTTT/HXFXQJG/vBX8sOFagGqvZyXcgLA3NhIqcBv1BJU1d46c0rGcrij2B56Z2rNiSLaZOYW5cUk7yLQ==}
    engines: {node: '>=18'}
    cpu: [riscv64]
    os: [linux]

  '@esbuild/linux-s390x@0.28.0':
    resolution: {integrity: sha512-SCfR0HN8CEEjnYnySJTd2cw0k9OHB/YFzt5zgJEwa+wL/T/raGWYMBqwDNAC6dqFKmJYZoQBRfHjgwLHGSrn3Q==}
    engines: {node: '>=18'}
    cpu: [s390x]
    os: [linux]

  '@esbuild/linux-x64@0.28.0':
    resolution: {integrity: sha512-us0dSb9iFxIi8srnpl931Nvs65it/Jd2a2K3qs7fz2WfGPHqzfzZTfec7oxZJRNPXPnNYZtanmRc4AL/JwVzHQ==}
    engines: {node: '>=18'}
    cpu: [x64]
    os: [linux]

  '@esbuild/netbsd-arm64@0.28.0':
    resolution: {integrity: sha512-CR/RYotgtCKwtftMwJlUU7xCVNg3lMYZ0RzTmAHSfLCXw3NtZtNpswLEj/Kkf6kEL3Gw+BpOekRX0BYCtklhUw==}
    engines: {node: '>=18'}
    cpu: [arm64]
    os: [netbsd]

  '@esbuild/netbsd-x64@0.28.0':
    resolution: {integrity: sha512-nU1yhmYutL+fQ71Kxnhg8uEOdC0pwEW9entHykTgEbna2pw2dkbFSMeqjjyHZoCmt8SBkOSvV+yNmm94aUrrqw==}
    engines: {node: '>=18'}
    cpu: [x64]
    os: [netbsd]

  '@esbuild/openbsd-arm64@0.28.0':
    resolution: {integrity: sha512-cXb5vApOsRsxsEl4mcZ1XY3D4DzcoMxR/nnc4IyqYs0rTI8ZKmW6kyyg+11Z8yvgMfAEldKzP7AdP64HnSC/6g==}
    engines: {node: '>=18'}
    cpu: [arm64]
    os: [openbsd]

  '@esbuild/openbsd-x64@0.28.0':
    resolution: {integrity: sha512-8wZM2qqtv9UP3mzy7HiGYNH/zjTA355mpeuA+859TyR+e+Tc08IHYpLJuMsfpDJwoLo1ikIJI8jC3GFjnRClzA==}
    engines: {node: '>=18'}
    cpu: [x64]
    os: [openbsd]

  '@esbuild/openharmony-arm64@0.28.0':
    resolution: {integrity: sha512-FLGfyizszcef5C3YtoyQDACyg95+dndv79i2EekILBofh5wpCa1KuBqOWKrEHZg3zrL3t5ouE5jgr94vA+Wb2w==}
    engines: {node: '>=18'}
    cpu: [arm64]
    os: [openharmony]

  '@esbuild/sunos-x64@0.28.0':
    resolution: {integrity: sha512-1ZgjUoEdHZZl/YlV76TSCz9Hqj9h9YmMGAgAPYd+q4SicWNX3G5GCyx9uhQWSLcbvPW8Ni7lj4gDa1T40akdlw==}
    engines: {node: '>=18'}
    cpu: [x64]
    os: [sunos]

  '@esbuild/win32-arm64@0.28.0':
    resolution: {integrity: sha512-Q9StnDmQ/enxnpxCCLSg0oo4+34B9TdXpuyPeTedN/6+iXBJ4J+zwfQI28u/Jl40nOYAxGoNi7mFP40RUtkmUA==}
    engines: {node: '>=18'}
    cpu: [arm64]
    os: [win32]

  '@esbuild/win32-ia32@0.28.0':
    resolution: {integrity: sha512-zF3ag/gfiCe6U2iczcRzSYJKH1DCI+ByzSENHlM2FcDbEeo5Zd2C86Aq0tKUYAJJ1obRP84ymxIAksZUcdztHA==}
    engines: {node: '>=18'}
    cpu: [ia32]
    os: [win32]

  '@esbuild/win32-x64@0.28.0':
    resolution: {integrity: sha512-pEl1bO9mfAmIC+tW5btTmrKaujg3zGtUmWNdCw/xs70FBjwAL3o9OEKNHvNmnyylD6ubxUERiEhdsL0xBQ9efw==}
    engines: {node: '>=18'}
    cpu: [x64]
    os: [win32]

  '@turbo/darwin-64@2.9.5':
    resolution: {integrity: sha512-qPxhKsLMQP+9+dsmPgAGidi5uNifD4AoAOnEnljab3Qgn0QZRR31Hp+/CgW3Ia5AanWj6JuLLTBYvuQj4mqTWg==}
    cpu: [x64]
    os: [darwin]

  '@turbo/darwin-arm64@2.9.5':
    resolution: {integrity: sha512-vkF/9F/l3aWd4bHxTui5Hh0F5xrTZ4e3rbBsc57zA6O8gNbmHN3B6eZ5psAIP2CnJRZ8ZxRjV3WZHeNXMXkPBw==}
    cpu: [arm64]
    os: [darwin]

  '@turbo/linux-64@2.9.5':
    resolution: {integrity: sha512-z/Get5NUaUxm5HSGFqVMICDRjFNsCUhSc4wnFa/PP1QD0NXCjr7bu9a2EM6md/KMCBW0Qe393Ac+UM7/ryDDTw==}
    cpu: [x64]
    os: [linux]

  '@turbo/linux-arm64@2.9.5':
    resolution: {integrity: sha512-jyBifaNoI5/NheyswomiZXJvjdAdvT7hDRYzQ4meP0DKGvpXUjnqsD+4/J2YSDQ34OHxFkL30FnSCUIVOh2PHw==}
    cpu: [arm64]
    os: [linux]

  '@turbo/windows-64@2.9.5':
    resolution: {integrity: sha512-ph24K5uPtvo7UfuyDXnBiB/8XvrO+RQWbbw5zkA/bVNoy9HDiNoIJJj3s62MxT9tjEb6DnPje5PXSz1UR7QAyg==}
    cpu: [x64]
    os: [win32]

  '@turbo/windows-arm64@2.9.5':
    resolution: {integrity: sha512-6c5RccT/+iR39SdT1G5HyZaD2n57W77o+l0TTfxG/cVlhV94Acyg2gTQW7zUOhW1BeQpBjHzu9x8yVBZwrHh7g==}
    cpu: [arm64]
    os: [win32]

  '@types/luxon@3.7.1':
    resolution: {integrity: sha512-H3iskjFIAn5SlJU7OuxUmTEpebK6TKB8rxZShDslBMZJ5u9S//KM1sbdAisiSrqwLQncVjnpi2OK2J51h+4lsg==}

  '@types/node@22.19.17':
    resolution: {integrity: sha512-wGdMcf+vPYM6jikpS/qhg6WiqSV/OhG+jeeHT/KlVqxYfD40iYJf9/AE1uQxVWFvU7MipKRkRv8NSHiCGgPr8Q==}

  data-uri-to-buffer@4.0.1:
    resolution: {integrity: sha512-0R9ikRb668HB7QDxT1vkpuUBtqc53YyAwMwGeUFKRojY/NWKvdZ+9UYtRfGmhqNbRkTSVpMbmyhXipFFv2cb/A==}
    engines: {node: '>= 12'}

  esbuild@0.28.0:
    resolution: {integrity: sha512-sNR9MHpXSUV/XB4zmsFKN+QgVG82Cc7+/aaxJ8Adi8hyOac+EXptIp45QBPaVyX3N70664wRbTcLTOemCAnyqw==}
    engines: {node: '>=18'}
    hasBin: true

  eventemitter2@6.4.9:
    resolution: {integrity: sha512-JEPTiaOt9f04oa6NOkc4aH+nVp5I3wEjpHbIPqfgCdD5v5bUzy7xQqwcVO2aDQgOWhI28da57HksMrzK9HlRxg==}

  fast-printf@1.6.10:
    resolution: {integrity: sha512-GwTgG9O4FVIdShhbVF3JxOgSBY2+ePGsu2V/UONgoCPzF9VY6ZdBMKsHKCYQHZwNk3qNouUolRDsgVxcVA5G1w==}
    engines: {node: '>=10.0'}

  fetch-blob@3.2.0:
    resolution: {integrity: sha512-7yAQpD2UMJzLi1Dqv7qFYnPbaPx7ZfFK6PiIxQ4PfkGPyNyl2Ugx+a/umUonmKqjhM4DnfbMvdX6otXq83soQQ==}
    engines: {node: ^12.20 || >= 14.13}

  formdata-polyfill@4.0.10:
    resolution: {integrity: sha512-buewHzMvYL29jdeQTVILecSaZKnt/RJWjoZCF5OW60Z67/GmSLBkOFM7qh1PI3zFNtJbaZL5eQu1vLfazOwj4g==}
    engines: {node: '>=12.20.0'}

  json5@2.2.3:
    resolution: {integrity: sha512-XmOWe7eyHYH14cLdVPoyg+GOH3rYX++KpzrylJwSW98t3Nk+U8XOl8FWKOgwtzdb8lXGf6zYwDUzeHMWfxasyg==}
    engines: {node: '>=6'}
    hasBin: true

  node-domexception@1.0.0:
    resolution: {integrity: sha512-/jKZoMpw0F8GRwl4/eLROPA3cfcXtLApP0QzLmUT/HuPCZWyB7IY9ZrMeKw2O/nFIqPQB3PVM9aYm0F312AXDQ==}
    engines: {node: '>=10.5.0'}
    deprecated: Use your platform's native DOMException instead

  node-fetch@3.3.2:
    resolution: {integrity: sha512-dRB78srN/l6gqWulah9SrxeYnxeddIG30+GOqK/9OlLVyLg3HPnr6SqOWTWOXKRwC2eGYCkZ59NNuSgvSrpgOA==}
    engines: {node: ^12.20.0 || ^14.13.1 || >=16.0.0}

  turbo@2.9.5:
    resolution: {integrity: sha512-JXNkRe6H6MjSlk5UQRTjyoKX5YN2zlc2632xcSlSFBao5yvbMWTpv9SNolOZlZmUlcDOHuszPLItbKrvcXnnZA==}
    hasBin: true

  typescript@6.0.2:
    resolution: {integrity: sha512-bGdAIrZ0wiGDo5l8c++HWtbaNCWTS4UTv7RaTH/ThVIgjkveJt83m74bBHMJkuCbslY8ixgLBVZJIOiQlQTjfQ==}
    engines: {node: '>=14.17'}
    hasBin: true

  undici-types@6.21.0:
    resolution: {integrity: sha512-iwDZqg0QAGrg9Rav5H4n0M64c3mkR59cJ6wQp+7C4nI0gsmExaedaYLNO44eT4AtBBwjbTiGPMlt2Md0T9H9JQ==}

  web-streams-polyfill@3.3.3:
    resolution: {integrity: sha512-d2JWLCivmZYTSIoge9MsgFCZrt571BikcWGYkjC1khllbTeDlGqZ2D8vD8E/lJa8WGWbb7Plm8/XJYV7IJHZZw==}
    engines: {node: '>= 8'}

snapshots:

  '@biomejs/biome@2.4.11':
    optionalDependencies:
      '@biomejs/cli-darwin-arm64': 2.4.11
      '@biomejs/cli-darwin-x64': 2.4.11
      '@biomejs/cli-linux-arm64': 2.4.11
      '@biomejs/cli-linux-arm64-musl': 2.4.11
      '@biomejs/cli-linux-x64': 2.4.11
      '@biomejs/cli-linux-x64-musl': 2.4.11
      '@biomejs/cli-win32-arm64': 2.4.11
      '@biomejs/cli-win32-x64': 2.4.11

  '@biomejs/cli-darwin-arm64@2.4.11':
    optional: true

  '@biomejs/cli-darwin-x64@2.4.11':
    optional: true

  '@biomejs/cli-linux-arm64-musl@2.4.11':
    optional: true

  '@biomejs/cli-linux-arm64@2.4.11':
    optional: true

  '@biomejs/cli-linux-x64-musl@2.4.11':
    optional: true

  '@biomejs/cli-linux-x64@2.4.11':
    optional: true

  '@biomejs/cli-win32-arm64@2.4.11':
    optional: true

  '@biomejs/cli-win32-x64@2.4.11':
    optional: true

  '@citizenfx/client@2.0.17591-1': {}

  '@citizenfx/server@2.0.14862-1': {}

  '@esbuild/aix-ppc64@0.28.0':
    optional: true

  '@esbuild/android-arm64@0.28.0':
    optional: true

  '@esbuild/android-arm@0.28.0':
    optional: true

  '@esbuild/android-x64@0.28.0':
    optional: true

  '@esbuild/darwin-arm64@0.28.0':
    optional: true

  '@esbuild/darwin-x64@0.28.0':
    optional: true

  '@esbuild/freebsd-arm64@0.28.0':
    optional: true

  '@esbuild/freebsd-x64@0.28.0':
    optional: true

  '@esbuild/linux-arm64@0.28.0':
    optional: true

  '@esbuild/linux-arm@0.28.0':
    optional: true

  '@esbuild/linux-ia32@0.28.0':
    optional: true

  '@esbuild/linux-loong64@0.28.0':
    optional: true

  '@esbuild/linux-mips64el@0.28.0':
    optional: true

  '@esbuild/linux-ppc64@0.28.0':
    optional: true

  '@esbuild/linux-riscv64@0.28.0':
    optional: true

  '@esbuild/linux-s390x@0.28.0':
    optional: true

  '@esbuild/linux-x64@0.28.0':
    optional: true

  '@esbuild/netbsd-arm64@0.28.0':
    optional: true

  '@esbuild/netbsd-x64@0.28.0':
    optional: true

  '@esbuild/openbsd-arm64@0.28.0':
    optional: true

  '@esbuild/openbsd-x64@0.28.0':
    optional: true

  '@esbuild/openharmony-arm64@0.28.0':
    optional: true

  '@esbuild/sunos-x64@0.28.0':
    optional: true

  '@esbuild/win32-arm64@0.28.0':
    optional: true

  '@esbuild/win32-ia32@0.28.0':
    optional: true

  '@esbuild/win32-x64@0.28.0':
    optional: true

  '@turbo/darwin-64@2.9.5':
    optional: true

  '@turbo/darwin-arm64@2.9.5':
    optional: true

  '@turbo/linux-64@2.9.5':
    optional: true

  '@turbo/linux-arm64@2.9.5':
    optional: true

  '@turbo/windows-64@2.9.5':
    optional: true

  '@turbo/windows-arm64@2.9.5':
    optional: true

  '@types/luxon@3.7.1': {}

  '@types/node@22.19.17':
    dependencies:
      undici-types: 6.21.0

  data-uri-to-buffer@4.0.1: {}

  esbuild@0.28.0:
    optionalDependencies:
      '@esbuild/aix-ppc64': 0.28.0
      '@esbuild/android-arm': 0.28.0
      '@esbuild/android-arm64': 0.28.0
      '@esbuild/android-x64': 0.28.0
      '@esbuild/darwin-arm64': 0.28.0
      '@esbuild/darwin-x64': 0.28.0
      '@esbuild/freebsd-arm64': 0.28.0
      '@esbuild/freebsd-x64': 0.28.0
      '@esbuild/linux-arm': 0.28.0
      '@esbuild/linux-arm64': 0.28.0
      '@esbuild/linux-ia32': 0.28.0
      '@esbuild/linux-loong64': 0.28.0
      '@esbuild/linux-mips64el': 0.28.0
      '@esbuild/linux-ppc64': 0.28.0
      '@esbuild/linux-riscv64': 0.28.0
      '@esbuild/linux-s390x': 0.28.0
      '@esbuild/linux-x64': 0.28.0
      '@esbuild/netbsd-arm64': 0.28.0
      '@esbuild/netbsd-x64': 0.28.0
      '@esbuild/openbsd-arm64': 0.28.0
      '@esbuild/openbsd-x64': 0.28.0
      '@esbuild/openharmony-arm64': 0.28.0
      '@esbuild/sunos-x64': 0.28.0
      '@esbuild/win32-arm64': 0.28.0
      '@esbuild/win32-ia32': 0.28.0
      '@esbuild/win32-x64': 0.28.0

  eventemitter2@6.4.9: {}

  fast-printf@1.6.10: {}

  fetch-blob@3.2.0:
    dependencies:
      node-domexception: 1.0.0
      web-streams-polyfill: 3.3.3

  formdata-polyfill@4.0.10:
    dependencies:
      fetch-blob: 3.2.0

  json5@2.2.3: {}

  node-domexception@1.0.0: {}

  node-fetch@3.3.2:
    dependencies:
      data-uri-to-buffer: 4.0.1
      fetch-blob: 3.2.0
      formdata-polyfill: 4.0.10

  turbo@2.9.5:
    optionalDependencies:
      '@turbo/darwin-64': 2.9.5
      '@turbo/darwin-arm64': 2.9.5
      '@turbo/linux-64': 2.9.5
      '@turbo/linux-arm64': 2.9.5
      '@turbo/windows-64': 2.9.5
      '@turbo/windows-arm64': 2.9.5

  typescript@6.0.2: {}

  undici-types@6.21.0: {}

  web-streams-polyfill@3.3.3: {}
