lockfileVersion: '9.0'

settings:
  autoInstallPeers: true
  excludeLinksFromLockfile: false

importers:

  .:
    dependencies:
      fast-printf:
        specifier: ^1.6.9
        version: 1.6.9

packages:

  boolean@3.2.0:
    resolution: {integrity: sha512-d0II/GO9uf9lfUHH2BQsjxzRJZBdsjgsBiW4BvhWk/3qoKwQFjIDVN19PfX8F2D/r9PCMTtLWjYVCFrpeYUzsw==}

  fast-printf@1.6.9:
    resolution: {integrity: sha512-FChq8hbz65WMj4rstcQsFB0O7Cy++nmbNfLYnD9cYv2cRn8EG6k/MGn9kO/tjO66t09DLDugj3yL+V2o6Qftrg==}
    engines: {node: '>=10.0'}

snapshots:

  boolean@3.2.0: {}

  fast-printf@1.6.9:
    dependencies:
      boolean: 3.2.0
